
Microsoft Visual Studio Solution File, Format Version 12.00
# Visual Studio Version 16
VisualStudioVersion = 16.0.32630.194
MinimumVisualStudioVersion = 10.0.40219.1
Project("{9A19103F-16F7-4668-BE54-9A1E7A4F7556}") = "Practica2907", "Practica2907\Practica2907.csproj", "{2F0E77FD-6897-4C4C-B3B8-155A28DE9136}"
EndProject
Project("{9A19103F-16F7-4668-BE54-9A1E7A4F7556}") = "App2", "App2\App2.csproj", "{F996B80D-6E26-4C0D-821B-2C919157E78D}"
EndProject
Project("{9A19103F-16F7-4668-BE54-9A1E7A4F7556}") = "App3", "App3\App3.csproj", "{2397557F-6E5B-45CC-AE4C-6DACD1FF60E2}"
EndProject
Project("{9A19103F-16F7-4668-BE54-9A1E7A4F7556}") = "ConsoleApp1", "ConsoleApp1\ConsoleApp1.csproj", "{62D76C80-BE70-440B-9CEA-F58533DD508A}"
EndProject
Project("{9A19103F-16F7-4668-BE54-9A1E7A4F7556}") = "ConsoleApp2", "ConsoleApp2\ConsoleApp2.csproj", "{8446F644-F15E-43C8-83CF-E024BE32E2E3}"
EndProject
Project("{FAE04EC0-301F-11D3-BF4B-00C04F79EFBC}") = "Tarea", "Tarea\Tarea.csproj", "{7F5879B6-134A-4B0F-B7CE-420235796032}"
EndProject
Global
	GlobalSection(SolutionConfigurationPlatforms) = preSolution
		Debug|Any CPU = Debug|Any CPU
		Release|Any CPU = Release|Any CPU
	EndGlobalSection
	GlobalSection(ProjectConfigurationPlatforms) = postSolution
		{2F0E77FD-6897-4C4C-B3B8-155A28DE9136}.Debug|Any CPU.ActiveCfg = Debug|Any CPU
		{2F0E77FD-6897-4C4C-B3B8-155A28DE9136}.Debug|Any CPU.Build.0 = Debug|Any CPU
		{2F0E77FD-6897-4C4C-B3B8-155A28DE9136}.Release|Any CPU.ActiveCfg = Release|Any CPU
		{2F0E77FD-6897-4C4C-B3B8-155A28DE9136}.Release|Any CPU.Build.0 = Release|Any CPU
		{F996B80D-6E26-4C0D-821B-2C919157E78D}.Debug|Any CPU.ActiveCfg = Debug|Any CPU
		{F996B80D-6E26-4C0D-821B-2C919157E78D}.Debug|Any CPU.Build.0 = Debug|Any CPU
		{F996B80D-6E26-4C0D-821B-2C919157E78D}.Release|Any CPU.ActiveCfg = Release|Any CPU
		{F996B80D-6E26-4C0D-821B-2C919157E78D}.Release|Any CPU.Build.0 = Release|Any CPU
		{2397557F-6E5B-45CC-AE4C-6DACD1FF60E2}.Debug|Any CPU.ActiveCfg = Debug|Any CPU
		{2397557F-6E5B-45CC-AE4C-6DACD1FF60E2}.Debug|Any CPU.Build.0 = Debug|Any CPU
		{2397557F-6E5B-45CC-AE4C-6DACD1FF60E2}.Release|Any CPU.ActiveCfg = Release|Any CPU
		{2397557F-6E5B-45CC-AE4C-6DACD1FF60E2}.Release|Any CPU.Build.0 = Release|Any CPU
		{62D76C80-BE70-440B-9CEA-F58533DD508A}.Debug|Any CPU.ActiveCfg = Debug|Any CPU
		{62D76C80-BE70-440B-9CEA-F58533DD508A}.Debug|Any CPU.Build.0 = Debug|Any CPU
		{62D76C80-BE70-440B-9CEA-F58533DD508A}.Release|Any CPU.ActiveCfg = Release|Any CPU
		{62D76C80-BE70-440B-9CEA-F58533DD508A}.Release|Any CPU.Build.0 = Release|Any CPU
		{8446F644-F15E-43C8-83CF-E024BE32E2E3}.Debug|Any CPU.ActiveCfg = Debug|Any CPU
		{8446F644-F15E-43C8-83CF-E024BE32E2E3}.Debug|Any CPU.Build.0 = Debug|Any CPU
		{8446F644-F15E-43C8-83CF-E024BE32E2E3}.Release|Any CPU.ActiveCfg = Release|Any CPU
		{8446F644-F15E-43C8-83CF-E024BE32E2E3}.Release|Any CPU.Build.0 = Release|Any CPU
		{7F5879B6-134A-4B0F-B7CE-420235796032}.Debug|Any CPU.ActiveCfg = Debug|Any CPU
		{7F5879B6-134A-4B0F-B7CE-420235796032}.Debug|Any CPU.Build.0 = Debug|Any CPU
		{7F5879B6-134A-4B0F-B7CE-420235796032}.Release|Any CPU.ActiveCfg = Release|Any CPU
		{7F5879B6-134A-4B0F-B7CE-420235796032}.Release|Any CPU.Build.0 = Release|Any CPU
	EndGlobalSection
	GlobalSection(SolutionProperties) = preSolution
		HideSolutionNode = FALSE
	EndGlobalSection
	GlobalSection(ExtensibilityGlobals) = postSolution
		SolutionGuid = {0EAA4FB7-343A-4FAA-972B-BD24C7F55F85}
	EndGlobalSection
EndGlobal
